github.com/boltdb/bolt v1.3.1 h1:JQmyP4ZBrce+ZQu0dY660FMfatumYDLun9hBCUVIkF4=
github.com/boltdb/bolt v1.3.1/go.mod h1:clJnj/oiGkjum5o1McbSZDSLxVThjynRyGBgiAx27Ps=
golang.org/x/sys v0.0.0-20211023085530-d6a326fbbf70 h1:SeSEfdIxyvwGJliREIJhRPPXvW6sDlLT+UQ3B0hD0NA=
golang.org/x/sys v0.0.0-20211023085530-d6a326fbbf70/go.mod h1:oPkhp1MJrh7nUepCBck5+mAzfO9JrbApNNgaTdGDITg=
